
Microsoft Visual Studio Solution File, Format Version 12.00
# Visual Studio 2012
Project("{8BC9CEB8-8B4A-11D0-8D11-00A0C91BC942}") = "CodingforFun", "CodingforFun\CodingforFun.vcxproj", "{671E5FB3-0AB2-4ED1-A074-F5A133F4B136}"
EndProject
Global
	GlobalSection(SolutionConfigurationPlatforms) = preSolution
		Debug|Win32 = Debug|Win32
		Release|Win32 = Release|Win32
	EndGlobalSection
	GlobalSection(ProjectConfigurationPlatforms) = postSolution
		{671E5FB3-0AB2-4ED1-A074-F5A133F4B136}.Debug|Win32.ActiveCfg = Debug|Win32
		{671E5FB3-0AB2-4ED1-A074-F5A133F4B136}.Debug|Win32.Build.0 = Debug|Win32
		{671E5FB3-0AB2-4ED1-A074-F5A133F4B136}.Release|Win32.ActiveCfg = Release|Win32
		{671E5FB3-0AB2-4ED1-A074-F5A133F4B136}.Release|Win32.Build.0 = Release|Win32
	EndGlobalSection
	GlobalSection(SolutionProperties) = preSolution
		HideSolutionNode = FALSE
	EndGlobalSection
EndGlobal
